
Microsoft Visual Studio Solution File, Format Version 12.00
# Visual Studio Version 16
VisualStudioVersion = 16.0.31410.357
MinimumVisualStudioVersion = 10.0.40219.1
Project("{FAE04EC0-301F-11D3-BF4B-00C04F79EFBC}") = "SimpleInteractiveInterpreter", "SimpleInteractiveInterpreter\SimpleInteractiveInterpreter.csproj", "{B940CD3D-92B4-4D2E-89F4-18B6BC9879E3}"
EndProject
Project("{FAE04EC0-301F-11D3-BF4B-00C04F79EFBC}") = "SimpleInteractiveInterpreterTests", "SimpleInteractiveInterpreterTests\SimpleInteractiveInterpreterTests.csproj", "{E004390F-EFA1-4A17-AA80-9737FF482207}"
EndProject
Global
	GlobalSection(SolutionConfigurationPlatforms) = preSolution
		Debug|Any CPU = Debug|Any CPU
		Release|Any CPU = Release|Any CPU
	EndGlobalSection
	GlobalSection(ProjectConfigurationPlatforms) = postSolution
		{B940CD3D-92B4-4D2E-89F4-18B6BC9879E3}.Debug|Any CPU.ActiveCfg = Debug|Any CPU
		{B940CD3D-92B4-4D2E-89F4-18B6BC9879E3}.Debug|Any CPU.Build.0 = Debug|Any CPU
		{B940CD3D-92B4-4D2E-89F4-18B6BC9879E3}.Release|Any CPU.ActiveCfg = Release|Any CPU
		{B940CD3D-92B4-4D2E-89F4-18B6BC9879E3}.Release|Any CPU.Build.0 = Release|Any CPU
		{E004390F-EFA1-4A17-AA80-9737FF482207}.Debug|Any CPU.ActiveCfg = Debug|Any CPU
		{E004390F-EFA1-4A17-AA80-9737FF482207}.Debug|Any CPU.Build.0 = Debug|Any CPU
		{E004390F-EFA1-4A17-AA80-9737FF482207}.Release|Any CPU.ActiveCfg = Release|Any CPU
		{E004390F-EFA1-4A17-AA80-9737FF482207}.Release|Any CPU.Build.0 = Release|Any CPU
	EndGlobalSection
	GlobalSection(SolutionProperties) = preSolution
		HideSolutionNode = FALSE
	EndGlobalSection
	GlobalSection(ExtensibilityGlobals) = postSolution
		SolutionGuid = {624832A6-8463-4505-BF41-EE0A735FBEBD}
	EndGlobalSection
EndGlobal
